{
  "name": "knob-testing",
  "version": "1.0.0",
  "lockfileVersion": 3,
  "requires": true,
  "packages": {
    "": {
      "name": "knob-testing",
      "version": "1.0.0",
      "license": "ISC",
      "dependencies": {
        "rpio": "^2.4.2"
      }
    },
    "node_modules/bindings": {
      "version": "1.5.0",
      "license": "MIT",
      "dependencies": {
        "file-uri-to-path": "1.0.0"
      }
    },
    "node_modules/file-uri-to-path": {
      "version": "1.0.0",
      "license": "MIT"
    },
    "node_modules/nan": {
      "version": "2.17.0",
      "license": "MIT"
    },
    "node_modules/rpio": {
      "version": "2.4.2",
      "resolved": "https://registry.npmjs.org/rpio/-/rpio-2.4.2.tgz",
      "integrity": "sha512-SiWw2VorgUh+0hbu6eJkRGG+luvS9BboXz6PQl8Z49kJ+8Nn7R/b4ohybLIYSMbQqcW1WYqSooadDuv1VOAiFw==",
      "hasInstallScript": true,
      "dependencies": {
        "bindings": "~1.5.0",
        "nan": "^2.14.1"
      },
      "engines": {
        "node": ">=0.8"
      }
    }
  }
}
